
Microsoft Visual Studio Solution File, Format Version 12.00
# Visual Studio Version 16
VisualStudioVersion = 16.0.29001.49
MinimumVisualStudioVersion = 10.0.40219.1
Project("{FAE04EC0-301F-11D3-BF4B-00C04F79EFBC}") = "wazishare", "wazishare.csproj", "{EFBFE918-9936-4F54-B702-85C7EC7BE027}"
EndProject
Global
	GlobalSection(SolutionConfigurationPlatforms) = preSolution
		Debug|Any CPU = Debug|Any CPU
		Release|Any CPU = Release|Any CPU
	EndGlobalSection
	GlobalSection(ProjectConfigurationPlatforms) = postSolution
		{EFBFE918-9936-4F54-B702-85C7EC7BE027}.Debug|Any CPU.ActiveCfg = Debug|Any CPU
		{EFBFE918-9936-4F54-B702-85C7EC7BE027}.Debug|Any CPU.Build.0 = Debug|Any CPU
		{EFBFE918-9936-4F54-B702-85C7EC7BE027}.Release|Any CPU.ActiveCfg = Release|Any CPU
		{EFBFE918-9936-4F54-B702-85C7EC7BE027}.Release|Any CPU.Build.0 = Release|Any CPU
	EndGlobalSection
	GlobalSection(SolutionProperties) = preSolution
		HideSolutionNode = FALSE
	EndGlobalSection
	GlobalSection(ExtensibilityGlobals) = postSolution
		SolutionGuid = {0AE8346C-CAFF-4F7C-9318-C2ACB4AEF86B}
	EndGlobalSection
EndGlobal
